// !$*UTF8*$!
{
	archiveVersion = 1;
	classes = {
	};
	objectVersion = 50;
	objects = {

/* Begin PBXBuildFile section */
		7F1FF5D426219E2E00A8C14F /* AppDelegate.swift in Sources */ = {isa = PBXBuildFile; fileRef = 7F1FF5D326219E2E00A8C14F /* AppDelegate.swift */; };
		7F1FF5D626219E2E00A8C14F /* SceneDelegate.swift in Sources */ = {isa = PBXBuildFile; fileRef = 7F1FF5D526219E2E00A8C14F /* SceneDelegate.swift */; };
		7F1FF5D826219E2E00A8C14F /* WelcomeViewController.swift in Sources */ = {isa = PBXBuildFile; fileRef = 7F1FF5D726219E2E00A8C14F /* WelcomeViewController.swift */; };
		7F1FF5DB26219E2E00A8C14F /* Main.storyboard in Resources */ = {isa = PBXBuildFile; fileRef = 7F1FF5D926219E2E00A8C14F /* Main.storyboard */; };
		7F1FF5DD26219E2F00A8C14F /* Assets.xcassets in Resources */ = {isa = PBXBuildFile; fileRef = 7F1FF5DC26219E2F00A8C14F /* Assets.xcassets */; };
		7F1FF5E026219E2F00A8C14F /* LaunchScreen.storyboard in Resources */ = {isa = PBXBuildFile; fileRef = 7F1FF5DE26219E2F00A8C14F /* LaunchScreen.storyboard */; };
/* End PBXBuildFile section */

/* Begin PBXFileReference section */
		7F1FF5D026219E2E00A8C14F /* Food Journal App.app */ = {isa = PBXFileReference; explicitFileType = wrapper.application; includeInIndex = 0; path = "Food Journal App.app"; sourceTree = BUILT_PRODUCTS_DIR; };
		7F1FF5D326219E2E00A8C14F /* AppDelegate.swift */ = {isa = PBXFileReference; lastKnownFileType = sourcecode.swift; path = AppDelegate.swift; sourceTree = "<group>"; };
		7F1FF5D526219E2E00A8C14F /* SceneDelegate.swift */ = {isa = PBXFileReference; lastKnownFileType = sourcecode.swift; path = SceneDelegate.swift; sourceTree = "<group>"; };
		7F1FF5D726219E2E00A8C14F /* WelcomeViewController.swift */ = {isa = PBXFileReference; lastKnownFileType = sourcecode.swift; path = WelcomeViewController.swift; sourceTree = "<group>"; };
		7F1FF5DA26219E2E00A8C14F /* Base */ = {isa = PBXFileReference; lastKnownFileType = file.storyboard; name = Base; path = Base.lproj/Main.storyboard; sourceTree = "<group>"; };
		7F1FF5DC26219E2F00A8C14F /* Assets.xcassets */ = {isa = PBXFileReference; lastKnownFileType = folder.assetcatalog; path = Assets.xcassets; sourceTree = "<group>"; };
		7F1FF5DF26219E2F00A8C14F /* Base */ = {isa = PBXFileReference; lastKnownFileType = file.storyboard; name = Base; path = Base.lproj/LaunchScreen.storyboard; sourceTree = "<group>"; };
		7F1FF5E126219E2F00A8C14F /* Info.plist */ = {isa = PBXFileReference; lastKnownFileType = text.plist.xml; path = Info.plist; sourceTree = "<group>"; };
/* End PBXFileReference section */

/* Begin PBXFrameworksBuildPhase section */
		7F1FF5CD26219E2E00A8C14F /* Frameworks */ = {
			isa = PBXFrameworksBuildPhase;
			buildActionMask = 2147483647;
			files = (
			);
			runOnlyForDeploymentPostprocessing = 0;
		};
/* End PBXFrameworksBuildPhase section */

/* Begin PBXGroup section */
		7F1FF5C726219E2E00A8C14F = {
			isa = PBXGroup;
			children = (
				7F1FF5D226219E2E00A8C14F /* Food Journal App */,
				7F1FF5D126219E2E00A8C14F /* Products */,
			);
			sourceTree = "<group>";
		};
		7F1FF5D126219E2E00A8C14F /* Products */ = {
			isa = PBXGroup;
			children = (
				7F1FF5D026219E2E00A8C14F /* Food Journal App.app */,
			);
			name = Products;
			sourceTree = "<group>";
		};
		7F1FF5D226219E2E00A8C14F /* Food Journal App */ = {
			isa = PBXGroup;
			children = (
				7F1FF5D326219E2E00A8C14F /* AppDelegate.swift */,
				7F1FF5D526219E2E00A8C14F /* SceneDelegate.swift */,
				7F1FF5D726219E2E00A8C14F /* WelcomeViewController.swift */,
				7F1FF5D926219E2E00A8C14F /* Main.storyboard */,
				7F1FF5DC26219E2F00A8C14F /* Assets.xcassets */,
				7F1FF5DE26219E2F00A8C14F /* LaunchScreen.storyboard */,
				7F1FF5E126219E2F00A8C14F /* Info.plist */,
			);
			path = "Food Journal App";
			sourceTree = "<group>";
		};
/* End PBXGroup section */

/* Begin PBXNativeTarget section */
		7F1FF5CF26219E2E00A8C14F /* Food Journal App */ = {
			isa = PBXNativeTarget;
			buildConfigurationList = 7F1FF5E426219E2F00A8C14F /* Build configuration list for PBXNativeTarget "Food Journal App" */;
			buildPhases = (
				7F1FF5CC26219E2E00A8C14F /* Sources */,
				7F1FF5CD26219E2E00A8C14F /* Frameworks */,
				7F1FF5CE26219E2E00A8C14F /* Resources */,
			);
			buildRules = (
			);
			dependencies = (
			);
			name = "Food Journal App";
			productName = "Food Journal App";
			productReference = 7F1FF5D026219E2E00A8C14F /* Food Journal App.app */;
			productType = "com.apple.product-type.application";
		};
/* End PBXNativeTarget section */

/* Begin PBXProject section */
		7F1FF5C826219E2E00A8C14F /* Project object */ = {
			isa = PBXProject;
			attributes = {
				LastSwiftUpdateCheck = 1240;
				LastUpgradeCheck = 1240;
				TargetAttributes = {
					7F1FF5CF26219E2E00A8C14F = {
						CreatedOnToolsVersion = 12.4;
					};
				};
			};
			buildConfigurationList = 7F1FF5CB26219E2E00A8C14F /* Build configuration list for PBXProject "Food Journal App" */;
			compatibilityVersion = "Xcode 9.3";
			developmentRegion = en;
			hasScannedForEncodings = 0;
			knownRegions = (
				en,
				Base,
			);
			mainGroup = 7F1FF5C726219E2E00A8C14F;
			productRefGroup = 7F1FF5D126219E2E00A8C14F /* Products */;
			projectDirPath = "";
			projectRoot = "";
			targets = (
				7F1FF5CF26219E2E00A8C14F /* Food Journal App */,
			);
		};
/* End PBXProject section */

/* Begin PBXResourcesBuildPhase section */
		7F1FF5CE26219E2E00A8C14F /* Resources */ = {
			isa = PBXResourcesBuildPhase;
			buildActionMask = 2147483647;
			files = (
				7F1FF5E026219E2F00A8C14F /* LaunchScreen.storyboard in Resources */,
				7F1FF5DD26219E2F00A8C14F /* Assets.xcassets in Resources */,
				7F1FF5DB26219E2E00A8C14F /* Main.storyboard in Resources */,
			);
			runOnlyForDeploymentPostprocessing = 0;
		};
/* End PBXResourcesBuildPhase section */

/* Begin PBXSourcesBuildPhase section */
		7F1FF5CC26219E2E00A8C14F /* Sources */ = {
			isa = PBXSourcesBuildPhase;
			buildActionMask = 2147483647;
			files = (
				7F1FF5D826219E2E00A8C14F /* WelcomeViewController.swift in Sources */,
				7F1FF5D426219E2E00A8C14F /* AppDelegate.swift in Sources */,
				7F1FF5D626219E2E00A8C14F /* SceneDelegate.swift in Sources */,
			);
			runOnlyForDeploymentPostprocessing = 0;
		};
/* End PBXSourcesBuildPhase section */

/* Begin PBXVariantGroup section */
		7F1FF5D926219E2E00A8C14F /* Main.storyboard */ = {
			isa = PBXVariantGroup;
			children = (
				7F1FF5DA26219E2E00A8C14F /* Base */,
			);
			name = Main.storyboard;
			sourceTree = "<group>";
		};
		7F1FF5DE26219E2F00A8C14F /* LaunchScreen.storyboard */ = {
			isa = PBXVariantGroup;
			children = (
				7F1FF5DF26219E2F00A8C14F /* Base */,
			);
			name = LaunchScreen.storyboard;
			sourceTree = "<group>";
		};
/* End PBXVariantGroup section */

/* Begin XCBuildConfiguration section */
		7F1FF5E226219E2F00A8C14F /* Debug */ = {
			isa = XCBuildConfiguration;
			buildSettings = {
				ALWAYS_SEARCH_USER_PATHS = NO;
				CLANG_ANALYZER_NONNULL = YES;
				CLANG_ANALYZER_NUMBER_OBJECT_CONVERSION = YES_AGGRESSIVE;
				CLANG_CXX_LANGUAGE_STANDARD = "gnu++14";
				CLANG_CXX_LIBRARY = "libc++";
				CLANG_ENABLE_MODULES = YES;
				CLANG_ENABLE_OBJC_ARC = YES;
				CLANG_ENABLE_OBJC_WEAK = YES;
				CLANG_WARN_BLOCK_CAPTURE_AUTORELEASING = YES;
				CLANG_WARN_BOOL_CONVERSION = YES;
				CLANG_WARN_COMMA = YES;
				CLANG_WARN_CONSTANT_CONVERSION = YES;
				CLANG_WARN_DEPRECATED_OBJC_IMPLEMENTATIONS = YES;
				CLANG_WARN_DIRECT_OBJC_ISA_USAGE = YES_ERROR;
				CLANG_WARN_DOCUMENTATION_COMMENTS = YES;
				CLANG_WARN_EMPTY_BODY = YES;
				CLANG_WARN_ENUM_CONVERSION = YES;
				CLANG_WARN_INFINITE_RECURSION = YES;
				CLANG_WARN_INT_CONVERSION = YES;
				CLANG_WARN_NON_LITERAL_NULL_CONVERSION = YES;
				CLANG_WARN_OBJC_IMPLICIT_RETAIN_SELF = YES;
				CLANG_WARN_OBJC_LITERAL_CONVERSION = YES;
				CLANG_WARN_OBJC_ROOT_CLASS = YES_ERROR;
				CLANG_WARN_QUOTED_INCLUDE_IN_FRAMEWORK_HEADER = YES;
				CLANG_WARN_RANGE_LOOP_ANALYSIS = YES;
				CLANG_WARN_STRICT_PROTOTYPES = YES;
				CLANG_WARN_SUSPICIOUS_MOVE = YES;
				CLANG_WARN_UNGUARDED_AVAILABILITY = YES_AGGRESSIVE;
				CLANG_WARN_UNREACHABLE_CODE = YES;
				CLANG_WARN__DUPLICATE_METHOD_MATCH = YES;
				COPY_PHASE_STRIP = NO;
				DEBUG_INFORMATION_FORMAT = dwarf;
				ENABLE_STRICT_OBJC_MSGSEND = YES;
				ENABLE_TESTABILITY = YES;
				GCC_C_LANGUAGE_STANDARD = gnu11;
				GCC_DYNAMIC_NO_PIC = NO;
				GCC_NO_COMMON_BLOCKS = YES;
				GCC_OPTIMIZATION_LEVEL = 0;
				GCC_PREPROCESSOR_DEFINITIONS = (
					"DEBUG=1",
					"$(inherited)",
				);
				GCC_WARN_64_TO_32_BIT_CONVERSION = YES;
				GCC_WARN_ABOUT_RETURN_TYPE = YES_ERROR;
				GCC_WARN_UNDECLARED_SELECTOR = YES;
				GCC_WARN_UNINITIALIZED_AUTOS = YES_AGGRESSIVE;
				GCC_WARN_UNUSED_FUNCTION = YES;
				GCC_WARN_UNUSED_VARIABLE = YES;
				IPHONEOS_DEPLOYMENT_TARGET = 14.4;
				MTL_ENABLE_DEBUG_INFO = INCLUDE_SOURCE;
				MTL_FAST_MATH = YES;
				ONLY_ACTIVE_ARCH = YES;
				SDKROOT = iphoneos;
				SWIFT_ACTIVE_COMPILATION_CONDITIONS = DEBUG;
				SWIFT_OPTIMIZATION_LEVEL = "-Onone";
			};
			name = Debug;
		};
		7F1FF5E326219E2F00A8C14F /* Release */ = {
			isa = XCBuildConfiguration;
			buildSettings = {
				ALWAYS_SEARCH_USER_PATHS = NO;
				CLANG_ANALYZER_NONNULL = YES;
				CLANG_ANALYZER_NUMBER_OBJECT_CONVERSION = YES_AGGRESSIVE;
				CLANG_CXX_LANGUAGE_STANDARD = "gnu++14";
				CLANG_CXX_LIBRARY = "libc++";
				CLANG_ENABLE_MODULES = YES;
				CLANG_ENABLE_OBJC_ARC = YES;
				CLANG_ENABLE_OBJC_WEAK = YES;
				CLANG_WARN_BLOCK_CAPTURE_AUTORELEASING = YES;
				CLANG_WARN_BOOL_CONVERSION = YES;
				CLANG_WARN_COMMA = YES;
				CLANG_WARN_CONSTANT_CONVERSION = YES;
				CLANG_WARN_DEPRECATED_OBJC_IMPLEMENTATIONS = YES;
				CLANG_WARN_DIRECT_OBJC_ISA_USAGE = YES_ERROR;
				CLANG_WARN_DOCUMENTATION_COMMENTS = YES;
				CLANG_WARN_EMPTY_BODY = YES;
				CLANG_WARN_ENUM_CONVERSION = YES;
				CLANG_WARN_INFINITE_RECURSION = YES;
				CLANG_WARN_INT_CONVERSION = YES;
				CLANG_WARN_NON_LITERAL_NULL_CONVERSION = YES;
				CLANG_WARN_OBJC_IMPLICIT_RETAIN_SELF = YES;
				CLANG_WARN_OBJC_LITERAL_CONVERSION = YES;
				CLANG_WARN_OBJC_ROOT_CLASS = YES_ERROR;
				CLANG_WARN_QUOTED_INCLUDE_IN_FRAMEWORK_HEADER = YES;
				CLANG_WARN_RANGE_LOOP_ANALYSIS = YES;
				CLANG_WARN_STRICT_PROTOTYPES = YES;
				CLANG_WARN_SUSPICIOUS_MOVE = YES;
				CLANG_WARN_UNGUARDED_AVAILABILITY = YES_AGGRESSIVE;
				CLANG_WARN_UNREACHABLE_CODE = YES;
				CLANG_WARN__DUPLICATE_METHOD_MATCH = YES;
				COPY_PHASE_STRIP = NO;
				DEBUG_INFORMATION_FORMAT = "dwarf-with-dsym";
				ENABLE_NS_ASSERTIONS = NO;
				ENABLE_STRICT_OBJC_MSGSEND = YES;
				GCC_C_LANGUAGE_STANDARD = gnu11;
				GCC_NO_COMMON_BLOCKS = YES;
				GCC_WARN_64_TO_32_BIT_CONVERSION = YES;
				GCC_WARN_ABOUT_RETURN_TYPE = YES_ERROR;
				GCC_WARN_UNDECLARED_SELECTOR = YES;
				GCC_WARN_UNINITIALIZED_AUTOS = YES_AGGRESSIVE;
				GCC_WARN_UNUSED_FUNCTION = YES;
				GCC_WARN_UNUSED_VARIABLE = YES;
				IPHONEOS_DEPLOYMENT_TARGET = 14.4;
				MTL_ENABLE_DEBUG_INFO = NO;
				MTL_FAST_MATH = YES;
				SDKROOT = iphoneos;
				SWIFT_COMPILATION_MODE = wholemodule;
				SWIFT_OPTIMIZATION_LEVEL = "-O";
				VALIDATE_PRODUCT = YES;
			};
			name = Release;
		};
		7F1FF5E526219E2F00A8C14F /* Debug */ = {
			isa = XCBuildConfiguration;
			buildSettings = {
				ASSETCATALOG_COMPILER_APPICON_NAME = AppIcon;
				ASSETCATALOG_COMPILER_GLOBAL_ACCENT_COLOR_NAME = AccentColor;
				CODE_SIGN_STYLE = Automatic;
				INFOPLIST_FILE = "Food Journal App/Info.plist";
				LD_RUNPATH_SEARCH_PATHS = (
					"$(inherited)",
					"@executable_path/Frameworks",
				);
				PRODUCT_BUNDLE_IDENTIFIER = "com.esikmalazman.Food-Journal-App";
				PRODUCT_NAME = "$(TARGET_NAME)";
				SWIFT_VERSION = 5.0;
				TARGETED_DEVICE_FAMILY = "1,2";
			};
			name = Debug;
		};
		7F1FF5E626219E2F00A8C14F /* Release */ = {
			isa = XCBuildConfiguration;
			buildSettings = {
				ASSETCATALOG_COMPILER_APPICON_NAME = AppIcon;
				ASSETCATALOG_COMPILER_GLOBAL_ACCENT_COLOR_NAME = AccentColor;
				CODE_SIGN_STYLE = Automatic;
				INFOPLIST_FILE = "Food Journal App/Info.plist";
				LD_RUNPATH_SEARCH_PATHS = (
					"$(inherited)",
					"@executable_path/Frameworks",
				);
				PRODUCT_BUNDLE_IDENTIFIER = "com.esikmalazman.Food-Journal-App";
				PRODUCT_NAME = "$(TARGET_NAME)";
				SWIFT_VERSION = 5.0;
				TARGETED_DEVICE_FAMILY = "1,2";
			};
			name = Release;
		};
/* End XCBuildConfiguration section */

/* Begin XCConfigurationList section */
		7F1FF5CB26219E2E00A8C14F /* Build configuration list for PBXProject "Food Journal App" */ = {
			isa = XCConfigurationList;
			buildConfigurations = (
				7F1FF5E226219E2F00A8C14F /* Debug */,
				7F1FF5E326219E2F00A8C14F /* Release */,
			);
			defaultConfigurationIsVisible = 0;
			defaultConfigurationName = Release;
		};
		7F1FF5E426219E2F00A8C14F /* Build configuration list for PBXNativeTarget "Food Journal App" */ = {
			isa = XCConfigurationList;
			buildConfigurations = (
				7F1FF5E526219E2F00A8C14F /* Debug */,
				7F1FF5E626219E2F00A8C14F /* Release */,
			);
			defaultConfigurationIsVisible = 0;
			defaultConfigurationName = Release;
		};
/* End XCConfigurationList section */
	};
	rootObject = 7F1FF5C826219E2E00A8C14F /* Project object */;
}
